
Microsoft Visual Studio Solution File, Format Version 12.00
# Visual Studio Version 17
VisualStudioVersion = 17.10.34928.147
MinimumVisualStudioVersion = 10.0.40219.1
Project("{9A19103F-16F7-4668-BE54-9A1E7A4F7556}") = "AppJSON", "AppJSON\AppJSON.csproj", "{43EFDED1-B8A0-48BD-8ACF-C3801872A23E}"
EndProject
Project("{FAE04EC0-301F-11D3-BF4B-00C04F79EFBC}") = "CatalogoVideogame", "CatalogoVideogame\CatalogoVideogame.csproj", "{79E55E2B-A964-44A9-ADC2-33E6051454D7}"
EndProject
Global
	GlobalSection(SolutionConfigurationPlatforms) = preSolution
		Debug|Any CPU = Debug|Any CPU
		Release|Any CPU = Release|Any CPU
	EndGlobalSection
	GlobalSection(ProjectConfigurationPlatforms) = postSolution
		{43EFDED1-B8A0-48BD-8ACF-C3801872A23E}.Debug|Any CPU.ActiveCfg = Debug|Any CPU
		{43EFDED1-B8A0-48BD-8ACF-C3801872A23E}.Debug|Any CPU.Build.0 = Debug|Any CPU
		{43EFDED1-B8A0-48BD-8ACF-C3801872A23E}.Debug|Any CPU.Deploy.0 = Debug|Any CPU
		{43EFDED1-B8A0-48BD-8ACF-C3801872A23E}.Release|Any CPU.ActiveCfg = Release|Any CPU
		{43EFDED1-B8A0-48BD-8ACF-C3801872A23E}.Release|Any CPU.Build.0 = Release|Any CPU
		{43EFDED1-B8A0-48BD-8ACF-C3801872A23E}.Release|Any CPU.Deploy.0 = Release|Any CPU
		{79E55E2B-A964-44A9-ADC2-33E6051454D7}.Debug|Any CPU.ActiveCfg = Debug|Any CPU
		{79E55E2B-A964-44A9-ADC2-33E6051454D7}.Debug|Any CPU.Build.0 = Debug|Any CPU
		{79E55E2B-A964-44A9-ADC2-33E6051454D7}.Debug|Any CPU.Deploy.0 = Debug|Any CPU
		{79E55E2B-A964-44A9-ADC2-33E6051454D7}.Release|Any CPU.ActiveCfg = Release|Any CPU
		{79E55E2B-A964-44A9-ADC2-33E6051454D7}.Release|Any CPU.Build.0 = Release|Any CPU
		{79E55E2B-A964-44A9-ADC2-33E6051454D7}.Release|Any CPU.Deploy.0 = Release|Any CPU
	EndGlobalSection
	GlobalSection(SolutionProperties) = preSolution
		HideSolutionNode = FALSE
	EndGlobalSection
	GlobalSection(ExtensibilityGlobals) = postSolution
		SolutionGuid = {BD715F1D-4AB1-4395-9B10-117A7708BDD8}
	EndGlobalSection
EndGlobal
