
Microsoft Visual Studio Solution File, Format Version 12.00
# Visual Studio Version 17
VisualStudioVersion = 17.10.34928.147
MinimumVisualStudioVersion = 10.0.40219.1
Project("{9A19103F-16F7-4668-BE54-9A1E7A4F7556}") = "01ProgrammazioneOOP", "01ProgrammazioneOOP\01ProgrammazioneOOP.csproj", "{3F305A52-C814-4569-A2FF-5E6E38828E83}"
EndProject
Project("{9A19103F-16F7-4668-BE54-9A1E7A4F7556}") = "02Geometria", "02Geometria\02Geometria.csproj", "{A7D7AD56-7A29-4DAA-B5A8-72859F87AC6D}"
EndProject
Project("{9A19103F-16F7-4668-BE54-9A1E7A4F7556}") = "10AppHotel", "10AppHotel\10AppHotel.csproj", "{BC39ADF7-6FF1-4B04-A43C-DA922465DB39}"
EndProject
Project("{FAE04EC0-301F-11D3-BF4B-00C04F79EFBC}") = "10AppSquola", "10AppSquola\10AppSquola.csproj", "{4890DA0C-A186-460B-A21A-AEC8F5FEF9BC}"
EndProject
Project("{FAE04EC0-301F-11D3-BF4B-00C04F79EFBC}") = "03AppListe", "03AppListe\03AppListe.csproj", "{02049578-8EC6-42E6-9F17-9D3CE3A80A38}"
EndProject
Global
	GlobalSection(SolutionConfigurationPlatforms) = preSolution
		Debug|Any CPU = Debug|Any CPU
		Release|Any CPU = Release|Any CPU
	EndGlobalSection
	GlobalSection(ProjectConfigurationPlatforms) = postSolution
		{3F305A52-C814-4569-A2FF-5E6E38828E83}.Debug|Any CPU.ActiveCfg = Debug|Any CPU
		{3F305A52-C814-4569-A2FF-5E6E38828E83}.Debug|Any CPU.Build.0 = Debug|Any CPU
		{3F305A52-C814-4569-A2FF-5E6E38828E83}.Debug|Any CPU.Deploy.0 = Debug|Any CPU
		{3F305A52-C814-4569-A2FF-5E6E38828E83}.Release|Any CPU.ActiveCfg = Release|Any CPU
		{3F305A52-C814-4569-A2FF-5E6E38828E83}.Release|Any CPU.Build.0 = Release|Any CPU
		{3F305A52-C814-4569-A2FF-5E6E38828E83}.Release|Any CPU.Deploy.0 = Release|Any CPU
		{A7D7AD56-7A29-4DAA-B5A8-72859F87AC6D}.Debug|Any CPU.ActiveCfg = Debug|Any CPU
		{A7D7AD56-7A29-4DAA-B5A8-72859F87AC6D}.Debug|Any CPU.Build.0 = Debug|Any CPU
		{A7D7AD56-7A29-4DAA-B5A8-72859F87AC6D}.Debug|Any CPU.Deploy.0 = Debug|Any CPU
		{A7D7AD56-7A29-4DAA-B5A8-72859F87AC6D}.Release|Any CPU.ActiveCfg = Release|Any CPU
		{A7D7AD56-7A29-4DAA-B5A8-72859F87AC6D}.Release|Any CPU.Build.0 = Release|Any CPU
		{A7D7AD56-7A29-4DAA-B5A8-72859F87AC6D}.Release|Any CPU.Deploy.0 = Release|Any CPU
		{BC39ADF7-6FF1-4B04-A43C-DA922465DB39}.Debug|Any CPU.ActiveCfg = Debug|Any CPU
		{BC39ADF7-6FF1-4B04-A43C-DA922465DB39}.Debug|Any CPU.Build.0 = Debug|Any CPU
		{BC39ADF7-6FF1-4B04-A43C-DA922465DB39}.Debug|Any CPU.Deploy.0 = Debug|Any CPU
		{BC39ADF7-6FF1-4B04-A43C-DA922465DB39}.Release|Any CPU.ActiveCfg = Release|Any CPU
		{BC39ADF7-6FF1-4B04-A43C-DA922465DB39}.Release|Any CPU.Build.0 = Release|Any CPU
		{BC39ADF7-6FF1-4B04-A43C-DA922465DB39}.Release|Any CPU.Deploy.0 = Release|Any CPU
		{4890DA0C-A186-460B-A21A-AEC8F5FEF9BC}.Debug|Any CPU.ActiveCfg = Debug|Any CPU
		{4890DA0C-A186-460B-A21A-AEC8F5FEF9BC}.Debug|Any CPU.Build.0 = Debug|Any CPU
		{4890DA0C-A186-460B-A21A-AEC8F5FEF9BC}.Debug|Any CPU.Deploy.0 = Debug|Any CPU
		{4890DA0C-A186-460B-A21A-AEC8F5FEF9BC}.Release|Any CPU.ActiveCfg = Release|Any CPU
		{4890DA0C-A186-460B-A21A-AEC8F5FEF9BC}.Release|Any CPU.Build.0 = Release|Any CPU
		{4890DA0C-A186-460B-A21A-AEC8F5FEF9BC}.Release|Any CPU.Deploy.0 = Release|Any CPU
		{02049578-8EC6-42E6-9F17-9D3CE3A80A38}.Debug|Any CPU.ActiveCfg = Debug|Any CPU
		{02049578-8EC6-42E6-9F17-9D3CE3A80A38}.Debug|Any CPU.Build.0 = Debug|Any CPU
		{02049578-8EC6-42E6-9F17-9D3CE3A80A38}.Debug|Any CPU.Deploy.0 = Debug|Any CPU
		{02049578-8EC6-42E6-9F17-9D3CE3A80A38}.Release|Any CPU.ActiveCfg = Release|Any CPU
		{02049578-8EC6-42E6-9F17-9D3CE3A80A38}.Release|Any CPU.Build.0 = Release|Any CPU
		{02049578-8EC6-42E6-9F17-9D3CE3A80A38}.Release|Any CPU.Deploy.0 = Release|Any CPU
	EndGlobalSection
	GlobalSection(SolutionProperties) = preSolution
		HideSolutionNode = FALSE
	EndGlobalSection
	GlobalSection(ExtensibilityGlobals) = postSolution
		SolutionGuid = {BDD88206-CAC1-46F6-8B1A-F861963A606A}
	EndGlobalSection
EndGlobal
